
Microsoft Visual Studio Solution File, Format Version 12.00
# Visual Studio Version 16
VisualStudioVersion = 16.0.30114.105
MinimumVisualStudioVersion = 10.0.40219.1
Project("{2150E333-8FDC-42A3-9474-1A3956D46DE8}") = "src", "src", "{F6C6C604-5CF0-4A02-87C2-77D55CE51FF2}"
EndProject
Project("{FAE04EC0-301F-11D3-BF4B-00C04F79EFBC}") = "OpenTelemetry.Tracing.API", "src\OpenTelemetry.Tracing.API\OpenTelemetry.Tracing.API.csproj", "{DCD6EF6F-477B-43FA-BA4F-685B35084EC6}"
EndProject
Project("{FAE04EC0-301F-11D3-BF4B-00C04F79EFBC}") = "OpenTelemetry.Tracing.Application", "src\OpenTelemetry.Tracing.Application\OpenTelemetry.Tracing.Application.csproj", "{AC8EB8E4-7EEB-4356-971C-031A00ACA9F8}"
EndProject
Global
	GlobalSection(SolutionProperties) = preSolution
		HideSolutionNode = FALSE
	EndGlobalSection
	GlobalSection(SolutionConfigurationPlatforms) = preSolution
		Debug|Any CPU = Debug|Any CPU
		Debug|x64 = Debug|x64
		Debug|x86 = Debug|x86
		Release|Any CPU = Release|Any CPU
		Release|x64 = Release|x64
		Release|x86 = Release|x86
	EndGlobalSection
	GlobalSection(ProjectConfigurationPlatforms) = postSolution
		{DCD6EF6F-477B-43FA-BA4F-685B35084EC6}.Debug|Any CPU.ActiveCfg = Debug|Any CPU
		{DCD6EF6F-477B-43FA-BA4F-685B35084EC6}.Debug|Any CPU.Build.0 = Debug|Any CPU
		{DCD6EF6F-477B-43FA-BA4F-685B35084EC6}.Debug|x64.ActiveCfg = Debug|Any CPU
		{DCD6EF6F-477B-43FA-BA4F-685B35084EC6}.Debug|x64.Build.0 = Debug|Any CPU
		{DCD6EF6F-477B-43FA-BA4F-685B35084EC6}.Debug|x86.ActiveCfg = Debug|Any CPU
		{DCD6EF6F-477B-43FA-BA4F-685B35084EC6}.Debug|x86.Build.0 = Debug|Any CPU
		{DCD6EF6F-477B-43FA-BA4F-685B35084EC6}.Release|Any CPU.ActiveCfg = Release|Any CPU
		{DCD6EF6F-477B-43FA-BA4F-685B35084EC6}.Release|Any CPU.Build.0 = Release|Any CPU
		{DCD6EF6F-477B-43FA-BA4F-685B35084EC6}.Release|x64.ActiveCfg = Release|Any CPU
		{DCD6EF6F-477B-43FA-BA4F-685B35084EC6}.Release|x64.Build.0 = Release|Any CPU
		{DCD6EF6F-477B-43FA-BA4F-685B35084EC6}.Release|x86.ActiveCfg = Release|Any CPU
		{DCD6EF6F-477B-43FA-BA4F-685B35084EC6}.Release|x86.Build.0 = Release|Any CPU
		{AC8EB8E4-7EEB-4356-971C-031A00ACA9F8}.Debug|Any CPU.ActiveCfg = Debug|Any CPU
		{AC8EB8E4-7EEB-4356-971C-031A00ACA9F8}.Debug|Any CPU.Build.0 = Debug|Any CPU
		{AC8EB8E4-7EEB-4356-971C-031A00ACA9F8}.Debug|x64.ActiveCfg = Debug|Any CPU
		{AC8EB8E4-7EEB-4356-971C-031A00ACA9F8}.Debug|x64.Build.0 = Debug|Any CPU
		{AC8EB8E4-7EEB-4356-971C-031A00ACA9F8}.Debug|x86.ActiveCfg = Debug|Any CPU
		{AC8EB8E4-7EEB-4356-971C-031A00ACA9F8}.Debug|x86.Build.0 = Debug|Any CPU
		{AC8EB8E4-7EEB-4356-971C-031A00ACA9F8}.Release|Any CPU.ActiveCfg = Release|Any CPU
		{AC8EB8E4-7EEB-4356-971C-031A00ACA9F8}.Release|Any CPU.Build.0 = Release|Any CPU
		{AC8EB8E4-7EEB-4356-971C-031A00ACA9F8}.Release|x64.ActiveCfg = Release|Any CPU
		{AC8EB8E4-7EEB-4356-971C-031A00ACA9F8}.Release|x64.Build.0 = Release|Any CPU
		{AC8EB8E4-7EEB-4356-971C-031A00ACA9F8}.Release|x86.ActiveCfg = Release|Any CPU
		{AC8EB8E4-7EEB-4356-971C-031A00ACA9F8}.Release|x86.Build.0 = Release|Any CPU
	EndGlobalSection
	GlobalSection(NestedProjects) = preSolution
		{DCD6EF6F-477B-43FA-BA4F-685B35084EC6} = {F6C6C604-5CF0-4A02-87C2-77D55CE51FF2}
		{AC8EB8E4-7EEB-4356-971C-031A00ACA9F8} = {F6C6C604-5CF0-4A02-87C2-77D55CE51FF2}
	EndGlobalSection
EndGlobal
